
Microsoft Visual Studio Solution File, Format Version 12.00
# Visual Studio Version 17
VisualStudioVersion = 17.0.31903.59
MinimumVisualStudioVersion = 10.0.40219.1
Project("{FAE04EC0-301F-11D3-BF4B-00C04F79EFBC}") = "TTRPG.Core", "TTRPG.Core\TTRPG.Core.csproj", "{5F036ABB-9B02-43B1-89FD-578EF2B2D354}"
EndProject
Project("{FAE04EC0-301F-11D3-BF4B-00C04F79EFBC}") = "TTRPG.Shared", "TTRPG.Shared\TTRPG.Shared.csproj", "{91677962-019F-470F-9DB1-4EB3655C84EC}"
EndProject
Project("{FAE04EC0-301F-11D3-BF4B-00C04F79EFBC}") = "TTRPG.Server.Abstractions", "TTRPG.Server.Abstractions\TTRPG.Server.Abstractions.csproj", "{F5BABEFE-5BBB-4BC8-A880-72D013603A25}"
EndProject
Project("{FAE04EC0-301F-11D3-BF4B-00C04F79EFBC}") = "TTRPG.Server", "TTRPG.Server\TTRPG.Server.csproj", "{CB24FF27-78B8-4A04-BEE0-446D4FE4F6E7}"
EndProject
Project("{FAE04EC0-301F-11D3-BF4B-00C04F79EFBC}") = "TTRPG.Client", "TTRPG.Client\TTRPG.Client.csproj", "{754BCF6C-43E4-45E8-BF81-929195986CBC}"
EndProject
Project("{FAE04EC0-301F-11D3-BF4B-00C04F79EFBC}") = "TTRPG.Tests", "TTRPG.Tests\TTRPG.Tests.csproj", "{6BFB784D-6809-4092-84EC-3C3A290B4138}"
EndProject
Project("{FAE04EC0-301F-11D3-BF4B-00C04F79EFBC}") = "TTRPG.Rules.Sample", "TTRPG.Rules.Sample\TTRPG.Rules.Sample.csproj", "{1837543D-483C-4465-BF49-F6DF5089D918}"
EndProject
Project("{FAE04EC0-301F-11D3-BF4B-00C04F79EFBC}") = "TTRPG.CLI", "TTRPG.CLI\TTRPG.CLI.csproj", "{28A2B437-0624-4F9C-A289-643772D56116}"
EndProject
Project("{FAE04EC0-301F-11D3-BF4B-00C04F79EFBC}") = "TTRPG.Launcher", "TTRPG.Launcher\TTRPG.Launcher.csproj", "{22CF6816-C4A0-4DEA-BB00-F3884BC11029}"
EndProject
Global
	GlobalSection(SolutionConfigurationPlatforms) = preSolution
		Debug|Any CPU = Debug|Any CPU
		Debug|x64 = Debug|x64
		Debug|x86 = Debug|x86
		Release|Any CPU = Release|Any CPU
		Release|x64 = Release|x64
		Release|x86 = Release|x86
	EndGlobalSection
	GlobalSection(ProjectConfigurationPlatforms) = postSolution
		{5F036ABB-9B02-43B1-89FD-578EF2B2D354}.Debug|Any CPU.ActiveCfg = Debug|Any CPU
		{5F036ABB-9B02-43B1-89FD-578EF2B2D354}.Debug|Any CPU.Build.0 = Debug|Any CPU
		{5F036ABB-9B02-43B1-89FD-578EF2B2D354}.Debug|x64.ActiveCfg = Debug|Any CPU
		{5F036ABB-9B02-43B1-89FD-578EF2B2D354}.Debug|x64.Build.0 = Debug|Any CPU
		{5F036ABB-9B02-43B1-89FD-578EF2B2D354}.Debug|x86.ActiveCfg = Debug|Any CPU
		{5F036ABB-9B02-43B1-89FD-578EF2B2D354}.Debug|x86.Build.0 = Debug|Any CPU
		{5F036ABB-9B02-43B1-89FD-578EF2B2D354}.Release|Any CPU.ActiveCfg = Release|Any CPU
		{5F036ABB-9B02-43B1-89FD-578EF2B2D354}.Release|Any CPU.Build.0 = Release|Any CPU
		{5F036ABB-9B02-43B1-89FD-578EF2B2D354}.Release|x64.ActiveCfg = Release|Any CPU
		{5F036ABB-9B02-43B1-89FD-578EF2B2D354}.Release|x64.Build.0 = Release|Any CPU
		{5F036ABB-9B02-43B1-89FD-578EF2B2D354}.Release|x86.ActiveCfg = Release|Any CPU
		{5F036ABB-9B02-43B1-89FD-578EF2B2D354}.Release|x86.Build.0 = Release|Any CPU
		{91677962-019F-470F-9DB1-4EB3655C84EC}.Debug|Any CPU.ActiveCfg = Debug|Any CPU
		{91677962-019F-470F-9DB1-4EB3655C84EC}.Debug|Any CPU.Build.0 = Debug|Any CPU
		{91677962-019F-470F-9DB1-4EB3655C84EC}.Debug|x64.ActiveCfg = Debug|Any CPU
		{91677962-019F-470F-9DB1-4EB3655C84EC}.Debug|x64.Build.0 = Debug|Any CPU
		{91677962-019F-470F-9DB1-4EB3655C84EC}.Debug|x86.ActiveCfg = Debug|Any CPU
		{91677962-019F-470F-9DB1-4EB3655C84EC}.Debug|x86.Build.0 = Debug|Any CPU
		{91677962-019F-470F-9DB1-4EB3655C84EC}.Release|Any CPU.ActiveCfg = Release|Any CPU
		{91677962-019F-470F-9DB1-4EB3655C84EC}.Release|Any CPU.Build.0 = Release|Any CPU
		{91677962-019F-470F-9DB1-4EB3655C84EC}.Release|x64.ActiveCfg = Release|Any CPU
		{91677962-019F-470F-9DB1-4EB3655C84EC}.Release|x64.Build.0 = Release|Any CPU
		{91677962-019F-470F-9DB1-4EB3655C84EC}.Release|x86.ActiveCfg = Release|Any CPU
		{91677962-019F-470F-9DB1-4EB3655C84EC}.Release|x86.Build.0 = Release|Any CPU
		{F5BABEFE-5BBB-4BC8-A880-72D013603A25}.Debug|Any CPU.ActiveCfg = Debug|Any CPU
		{F5BABEFE-5BBB-4BC8-A880-72D013603A25}.Debug|Any CPU.Build.0 = Debug|Any CPU
		{F5BABEFE-5BBB-4BC8-A880-72D013603A25}.Debug|x64.ActiveCfg = Debug|Any CPU
		{F5BABEFE-5BBB-4BC8-A880-72D013603A25}.Debug|x64.Build.0 = Debug|Any CPU
		{F5BABEFE-5BBB-4BC8-A880-72D013603A25}.Debug|x86.ActiveCfg = Debug|Any CPU
		{F5BABEFE-5BBB-4BC8-A880-72D013603A25}.Debug|x86.Build.0 = Debug|Any CPU
		{F5BABEFE-5BBB-4BC8-A880-72D013603A25}.Release|Any CPU.ActiveCfg = Release|Any CPU
		{F5BABEFE-5BBB-4BC8-A880-72D013603A25}.Release|Any CPU.Build.0 = Release|Any CPU
		{F5BABEFE-5BBB-4BC8-A880-72D013603A25}.Release|x64.ActiveCfg = Release|Any CPU
		{F5BABEFE-5BBB-4BC8-A880-72D013603A25}.Release|x64.Build.0 = Release|Any CPU
		{F5BABEFE-5BBB-4BC8-A880-72D013603A25}.Release|x86.ActiveCfg = Release|Any CPU
		{F5BABEFE-5BBB-4BC8-A880-72D013603A25}.Release|x86.Build.0 = Release|Any CPU
		{CB24FF27-78B8-4A04-BEE0-446D4FE4F6E7}.Debug|Any CPU.ActiveCfg = Debug|Any CPU
		{CB24FF27-78B8-4A04-BEE0-446D4FE4F6E7}.Debug|Any CPU.Build.0 = Debug|Any CPU
		{CB24FF27-78B8-4A04-BEE0-446D4FE4F6E7}.Debug|x64.ActiveCfg = Debug|Any CPU
		{CB24FF27-78B8-4A04-BEE0-446D4FE4F6E7}.Debug|x64.Build.0 = Debug|Any CPU
		{CB24FF27-78B8-4A04-BEE0-446D4FE4F6E7}.Debug|x86.ActiveCfg = Debug|Any CPU
		{CB24FF27-78B8-4A04-BEE0-446D4FE4F6E7}.Debug|x86.Build.0 = Debug|Any CPU
		{CB24FF27-78B8-4A04-BEE0-446D4FE4F6E7}.Release|Any CPU.ActiveCfg = Release|Any CPU
		{CB24FF27-78B8-4A04-BEE0-446D4FE4F6E7}.Release|Any CPU.Build.0 = Release|Any CPU
		{CB24FF27-78B8-4A04-BEE0-446D4FE4F6E7}.Release|x64.ActiveCfg = Release|Any CPU
		{CB24FF27-78B8-4A04-BEE0-446D4FE4F6E7}.Release|x64.Build.0 = Release|Any CPU
		{CB24FF27-78B8-4A04-BEE0-446D4FE4F6E7}.Release|x86.ActiveCfg = Release|Any CPU
		{CB24FF27-78B8-4A04-BEE0-446D4FE4F6E7}.Release|x86.Build.0 = Release|Any CPU
		{754BCF6C-43E4-45E8-BF81-929195986CBC}.Debug|Any CPU.ActiveCfg = Debug|Any CPU
		{754BCF6C-43E4-45E8-BF81-929195986CBC}.Debug|Any CPU.Build.0 = Debug|Any CPU
		{754BCF6C-43E4-45E8-BF81-929195986CBC}.Debug|x64.ActiveCfg = Debug|Any CPU
		{754BCF6C-43E4-45E8-BF81-929195986CBC}.Debug|x64.Build.0 = Debug|Any CPU
		{754BCF6C-43E4-45E8-BF81-929195986CBC}.Debug|x86.ActiveCfg = Debug|Any CPU
		{754BCF6C-43E4-45E8-BF81-929195986CBC}.Debug|x86.Build.0 = Debug|Any CPU
		{754BCF6C-43E4-45E8-BF81-929195986CBC}.Release|Any CPU.ActiveCfg = Release|Any CPU
		{754BCF6C-43E4-45E8-BF81-929195986CBC}.Release|Any CPU.Build.0 = Release|Any CPU
		{754BCF6C-43E4-45E8-BF81-929195986CBC}.Release|x64.ActiveCfg = Release|Any CPU
		{754BCF6C-43E4-45E8-BF81-929195986CBC}.Release|x64.Build.0 = Release|Any CPU
		{754BCF6C-43E4-45E8-BF81-929195986CBC}.Release|x86.ActiveCfg = Release|Any CPU
		{754BCF6C-43E4-45E8-BF81-929195986CBC}.Release|x86.Build.0 = Release|Any CPU
		{6BFB784D-6809-4092-84EC-3C3A290B4138}.Debug|Any CPU.ActiveCfg = Debug|Any CPU
		{6BFB784D-6809-4092-84EC-3C3A290B4138}.Debug|Any CPU.Build.0 = Debug|Any CPU
		{6BFB784D-6809-4092-84EC-3C3A290B4138}.Debug|x64.ActiveCfg = Debug|Any CPU
		{6BFB784D-6809-4092-84EC-3C3A290B4138}.Debug|x64.Build.0 = Debug|Any CPU
		{6BFB784D-6809-4092-84EC-3C3A290B4138}.Debug|x86.ActiveCfg = Debug|Any CPU
		{6BFB784D-6809-4092-84EC-3C3A290B4138}.Debug|x86.Build.0 = Debug|Any CPU
		{6BFB784D-6809-4092-84EC-3C3A290B4138}.Release|Any CPU.ActiveCfg = Release|Any CPU
		{6BFB784D-6809-4092-84EC-3C3A290B4138}.Release|Any CPU.Build.0 = Release|Any CPU
		{6BFB784D-6809-4092-84EC-3C3A290B4138}.Release|x64.ActiveCfg = Release|Any CPU
		{6BFB784D-6809-4092-84EC-3C3A290B4138}.Release|x64.Build.0 = Release|Any CPU
		{6BFB784D-6809-4092-84EC-3C3A290B4138}.Release|x86.ActiveCfg = Release|Any CPU
		{6BFB784D-6809-4092-84EC-3C3A290B4138}.Release|x86.Build.0 = Release|Any CPU
		{1837543D-483C-4465-BF49-F6DF5089D918}.Debug|Any CPU.ActiveCfg = Debug|Any CPU
		{1837543D-483C-4465-BF49-F6DF5089D918}.Debug|Any CPU.Build.0 = Debug|Any CPU
		{1837543D-483C-4465-BF49-F6DF5089D918}.Debug|x64.ActiveCfg = Debug|Any CPU
		{1837543D-483C-4465-BF49-F6DF5089D918}.Debug|x64.Build.0 = Debug|Any CPU
		{1837543D-483C-4465-BF49-F6DF5089D918}.Debug|x86.ActiveCfg = Debug|Any CPU
		{1837543D-483C-4465-BF49-F6DF5089D918}.Debug|x86.Build.0 = Debug|Any CPU
		{1837543D-483C-4465-BF49-F6DF5089D918}.Release|Any CPU.ActiveCfg = Release|Any CPU
		{1837543D-483C-4465-BF49-F6DF5089D918}.Release|Any CPU.Build.0 = Release|Any CPU
		{1837543D-483C-4465-BF49-F6DF5089D918}.Release|x64.ActiveCfg = Release|Any CPU
		{1837543D-483C-4465-BF49-F6DF5089D918}.Release|x64.Build.0 = Release|Any CPU
		{1837543D-483C-4465-BF49-F6DF5089D918}.Release|x86.ActiveCfg = Release|Any CPU
		{1837543D-483C-4465-BF49-F6DF5089D918}.Release|x86.Build.0 = Release|Any CPU
		{28A2B437-0624-4F9C-A289-643772D56116}.Debug|Any CPU.ActiveCfg = Debug|Any CPU
		{28A2B437-0624-4F9C-A289-643772D56116}.Debug|Any CPU.Build.0 = Debug|Any CPU
		{28A2B437-0624-4F9C-A289-643772D56116}.Debug|x64.ActiveCfg = Debug|Any CPU
		{28A2B437-0624-4F9C-A289-643772D56116}.Debug|x64.Build.0 = Debug|Any CPU
		{28A2B437-0624-4F9C-A289-643772D56116}.Debug|x86.ActiveCfg = Debug|Any CPU
		{28A2B437-0624-4F9C-A289-643772D56116}.Debug|x86.Build.0 = Debug|Any CPU
		{28A2B437-0624-4F9C-A289-643772D56116}.Release|Any CPU.ActiveCfg = Release|Any CPU
		{28A2B437-0624-4F9C-A289-643772D56116}.Release|Any CPU.Build.0 = Release|Any CPU
		{28A2B437-0624-4F9C-A289-643772D56116}.Release|x64.ActiveCfg = Release|Any CPU
		{28A2B437-0624-4F9C-A289-643772D56116}.Release|x64.Build.0 = Release|Any CPU
		{28A2B437-0624-4F9C-A289-643772D56116}.Release|x86.ActiveCfg = Release|Any CPU
		{28A2B437-0624-4F9C-A289-643772D56116}.Release|x86.Build.0 = Release|Any CPU
		{22CF6816-C4A0-4DEA-BB00-F3884BC11029}.Debug|Any CPU.ActiveCfg = Debug|Any CPU
		{22CF6816-C4A0-4DEA-BB00-F3884BC11029}.Debug|Any CPU.Build.0 = Debug|Any CPU
		{22CF6816-C4A0-4DEA-BB00-F3884BC11029}.Debug|x64.ActiveCfg = Debug|Any CPU
		{22CF6816-C4A0-4DEA-BB00-F3884BC11029}.Debug|x64.Build.0 = Debug|Any CPU
		{22CF6816-C4A0-4DEA-BB00-F3884BC11029}.Debug|x86.ActiveCfg = Debug|Any CPU
		{22CF6816-C4A0-4DEA-BB00-F3884BC11029}.Debug|x86.Build.0 = Debug|Any CPU
		{22CF6816-C4A0-4DEA-BB00-F3884BC11029}.Release|Any CPU.ActiveCfg = Release|Any CPU
		{22CF6816-C4A0-4DEA-BB00-F3884BC11029}.Release|Any CPU.Build.0 = Release|Any CPU
		{22CF6816-C4A0-4DEA-BB00-F3884BC11029}.Release|x64.ActiveCfg = Release|Any CPU
		{22CF6816-C4A0-4DEA-BB00-F3884BC11029}.Release|x64.Build.0 = Release|Any CPU
		{22CF6816-C4A0-4DEA-BB00-F3884BC11029}.Release|x86.ActiveCfg = Release|Any CPU
		{22CF6816-C4A0-4DEA-BB00-F3884BC11029}.Release|x86.Build.0 = Release|Any CPU
	EndGlobalSection
	GlobalSection(SolutionProperties) = preSolution
		HideSolutionNode = FALSE
	EndGlobalSection
	GlobalSection(ExtensibilityGlobals) = postSolution
		SolutionGuid = {D27492A0-9AAB-40CA-8093-95D029530920}
	EndGlobalSection
EndGlobal
